// !$*UTF8*$!
{
	archiveVersion = 1;
	classes = {
	};
	objectVersion = 46;
	objects = {

/* Begin PBXBuildFile section */
		29EE524965F6B5BB04DF67FC /* libPods-Payments.a in Frameworks */ = {isa = PBXBuildFile; fileRef = 3A0BC647D20E35786BB12E73 /* libPods-Payments.a */; };
		364777A01D467E8C000B5144 /* extension-UIView.swift in Sources */ = {isa = PBXBuildFile; fileRef = 3647779F1D467E8C000B5144 /* extension-UIView.swift */; };
		369FB38B1D465932002F8ADC /* AppDelegate.swift in Sources */ = {isa = PBXBuildFile; fileRef = 369FB38A1D465932002F8ADC /* AppDelegate.swift */; };
		369FB38D1D465932002F8ADC /* PARequestVC.swift in Sources */ = {isa = PBXBuildFile; fileRef = 369FB38C1D465932002F8ADC /* PARequestVC.swift */; };
		369FB38F1D465932002F8ADC /* PAProfileVC.swift in Sources */ = {isa = PBXBuildFile; fileRef = 369FB38E1D465932002F8ADC /* PAProfileVC.swift */; };
		369FB3921D465932002F8ADC /* Main.storyboard in Resources */ = {isa = PBXBuildFile; fileRef = 369FB3901D465932002F8ADC /* Main.storyboard */; };
		369FB3941D465932002F8ADC /* Assets.xcassets in Resources */ = {isa = PBXBuildFile; fileRef = 369FB3931D465932002F8ADC /* Assets.xcassets */; };
		369FB3971D465932002F8ADC /* LaunchScreen.storyboard in Resources */ = {isa = PBXBuildFile; fileRef = 369FB3951D465932002F8ADC /* LaunchScreen.storyboard */; };
		369FB3A01D466444002F8ADC /* PARootTabBarVC.swift in Sources */ = {isa = PBXBuildFile; fileRef = 369FB39F1D466444002F8ADC /* PARootTabBarVC.swift */; };
		369FB3A21D466630002F8ADC /* PAHistoryTVC.swift in Sources */ = {isa = PBXBuildFile; fileRef = 369FB3A11D466630002F8ADC /* PAHistoryTVC.swift */; };
		369FB3A51D46675D002F8ADC /* PAHistoryCell.swift in Sources */ = {isa = PBXBuildFile; fileRef = 369FB3A41D46675D002F8ADC /* PAHistoryCell.swift */; };
		369FB3A81D466DF5002F8ADC /* PAUser.swift in Sources */ = {isa = PBXBuildFile; fileRef = 369FB3A71D466DF5002F8ADC /* PAUser.swift */; };
		369FB3AA1D466E03002F8ADC /* PAEvent.swift in Sources */ = {isa = PBXBuildFile; fileRef = 369FB3A91D466E03002F8ADC /* PAEvent.swift */; };
		369FB3AC1D4676DD002F8ADC /* PAHttpRequest.swift in Sources */ = {isa = PBXBuildFile; fileRef = 369FB3AB1D4676DD002F8ADC /* PAHttpRequest.swift */; };
		369FB3AF1D467A20002F8ADC /* PADesignableControl.swift in Sources */ = {isa = PBXBuildFile; fileRef = 369FB3AE1D467A20002F8ADC /* PADesignableControl.swift */; };
/* End PBXBuildFile section */

/* Begin PBXFileReference section */
		3647779F1D467E8C000B5144 /* extension-UIView.swift */ = {isa = PBXFileReference; fileEncoding = 4; lastKnownFileType = sourcecode.swift; path = "extension-UIView.swift"; sourceTree = "<group>"; };
		369FB3871D465932002F8ADC /* Payments.app */ = {isa = PBXFileReference; explicitFileType = wrapper.application; includeInIndex = 0; path = Payments.app; sourceTree = BUILT_PRODUCTS_DIR; };
		369FB38A1D465932002F8ADC /* AppDelegate.swift */ = {isa = PBXFileReference; lastKnownFileType = sourcecode.swift; path = AppDelegate.swift; sourceTree = "<group>"; };
		369FB38C1D465932002F8ADC /* PARequestVC.swift */ = {isa = PBXFileReference; lastKnownFileType = sourcecode.swift; path = PARequestVC.swift; sourceTree = "<group>"; };
		369FB38E1D465932002F8ADC /* PAProfileVC.swift */ = {isa = PBXFileReference; lastKnownFileType = sourcecode.swift; path = PAProfileVC.swift; sourceTree = "<group>"; };
		369FB3911D465932002F8ADC /* Base */ = {isa = PBXFileReference; lastKnownFileType = file.storyboard; name = Base; path = Base.lproj/Main.storyboard; sourceTree = "<group>"; };
		369FB3931D465932002F8ADC /* Assets.xcassets */ = {isa = PBXFileReference; lastKnownFileType = folder.assetcatalog; path = Assets.xcassets; sourceTree = "<group>"; };
		369FB3961D465932002F8ADC /* Base */ = {isa = PBXFileReference; lastKnownFileType = file.storyboard; name = Base; path = Base.lproj/LaunchScreen.storyboard; sourceTree = "<group>"; };
		369FB3981D465932002F8ADC /* Info.plist */ = {isa = PBXFileReference; lastKnownFileType = text.plist.xml; path = Info.plist; sourceTree = "<group>"; };
		369FB39F1D466444002F8ADC /* PARootTabBarVC.swift */ = {isa = PBXFileReference; fileEncoding = 4; lastKnownFileType = sourcecode.swift; path = PARootTabBarVC.swift; sourceTree = "<group>"; };
		369FB3A11D466630002F8ADC /* PAHistoryTVC.swift */ = {isa = PBXFileReference; fileEncoding = 4; lastKnownFileType = sourcecode.swift; path = PAHistoryTVC.swift; sourceTree = "<group>"; };
		369FB3A41D46675D002F8ADC /* PAHistoryCell.swift */ = {isa = PBXFileReference; fileEncoding = 4; lastKnownFileType = sourcecode.swift; path = PAHistoryCell.swift; sourceTree = "<group>"; };
		369FB3A71D466DF5002F8ADC /* PAUser.swift */ = {isa = PBXFileReference; fileEncoding = 4; lastKnownFileType = sourcecode.swift; path = PAUser.swift; sourceTree = "<group>"; };
		369FB3A91D466E03002F8ADC /* PAEvent.swift */ = {isa = PBXFileReference; fileEncoding = 4; lastKnownFileType = sourcecode.swift; path = PAEvent.swift; sourceTree = "<group>"; };
		369FB3AB1D4676DD002F8ADC /* PAHttpRequest.swift */ = {isa = PBXFileReference; fileEncoding = 4; lastKnownFileType = sourcecode.swift; path = PAHttpRequest.swift; sourceTree = "<group>"; };
		369FB3AE1D467A20002F8ADC /* PADesignableControl.swift */ = {isa = PBXFileReference; fileEncoding = 4; lastKnownFileType = sourcecode.swift; path = PADesignableControl.swift; sourceTree = "<group>"; };
		369FB3B41D467AA0002F8ADC /* Payments-Bridging-Header.h */ = {isa = PBXFileReference; lastKnownFileType = sourcecode.c.h; path = "Payments-Bridging-Header.h"; sourceTree = "<group>"; };
		3A0BC647D20E35786BB12E73 /* libPods-Payments.a */ = {isa = PBXFileReference; explicitFileType = archive.ar; includeInIndex = 0; path = "libPods-Payments.a"; sourceTree = BUILT_PRODUCTS_DIR; };
		5A7E8B82B1A372CFC00EFB10 /* Pods-Payments.release.xcconfig */ = {isa = PBXFileReference; includeInIndex = 1; lastKnownFileType = text.xcconfig; name = "Pods-Payments.release.xcconfig"; path = "Pods/Target Support Files/Pods-Payments/Pods-Payments.release.xcconfig"; sourceTree = "<group>"; };
		B3B066F6A9C76B79843CB145 /* Pods-Payments.debug.xcconfig */ = {isa = PBXFileReference; includeInIndex = 1; lastKnownFileType = text.xcconfig; name = "Pods-Payments.debug.xcconfig"; path = "Pods/Target Support Files/Pods-Payments/Pods-Payments.debug.xcconfig"; sourceTree = "<group>"; };
/* End PBXFileReference section */

/* Begin PBXFrameworksBuildPhase section */
		369FB3841D465932002F8ADC /* Frameworks */ = {
			isa = PBXFrameworksBuildPhase;
			buildActionMask = 2147483647;
			files = (
				29EE524965F6B5BB04DF67FC /* libPods-Payments.a in Frameworks */,
			);
			runOnlyForDeploymentPostprocessing = 0;
		};
/* End PBXFrameworksBuildPhase section */

/* Begin PBXGroup section */
		3647779E1D467E75000B5144 /* Extensions */ = {
			isa = PBXGroup;
			children = (
				3647779F1D467E8C000B5144 /* extension-UIView.swift */,
			);
			name = Extensions;
			sourceTree = "<group>";
		};
		369FB37E1D465932002F8ADC = {
			isa = PBXGroup;
			children = (
				369FB3891D465932002F8ADC /* Payments */,
				369FB3881D465932002F8ADC /* Products */,
				8C0D9511326E5751DB847E91 /* Pods */,
				60AF6A9C087B70E5953A5454 /* Frameworks */,
			);
			sourceTree = "<group>";
		};
		369FB3881D465932002F8ADC /* Products */ = {
			isa = PBXGroup;
			children = (
				369FB3871D465932002F8ADC /* Payments.app */,
			);
			name = Products;
			sourceTree = "<group>";
		};
		369FB3891D465932002F8ADC /* Payments */ = {
			isa = PBXGroup;
			children = (
				369FB39E1D466403002F8ADC /* Classes */,
				369FB38A1D465932002F8ADC /* AppDelegate.swift */,
				369FB3901D465932002F8ADC /* Main.storyboard */,
				369FB3931D465932002F8ADC /* Assets.xcassets */,
				369FB3951D465932002F8ADC /* LaunchScreen.storyboard */,
				369FB3981D465932002F8ADC /* Info.plist */,
				369FB3B41D467AA0002F8ADC /* Payments-Bridging-Header.h */,
			);
			path = Payments;
			sourceTree = "<group>";
		};
		369FB39E1D466403002F8ADC /* Classes */ = {
			isa = PBXGroup;
			children = (
				3647779E1D467E75000B5144 /* Extensions */,
				369FB3AD1D467A16002F8ADC /* Helpers */,
				369FB3A61D466DE1002F8ADC /* Models */,
				369FB3A31D466740002F8ADC /* Cells */,
				369FB38C1D465932002F8ADC /* PARequestVC.swift */,
				369FB38E1D465932002F8ADC /* PAProfileVC.swift */,
				369FB39F1D466444002F8ADC /* PARootTabBarVC.swift */,
				369FB3A11D466630002F8ADC /* PAHistoryTVC.swift */,
			);
			name = Classes;
			sourceTree = "<group>";
		};
		369FB3A31D466740002F8ADC /* Cells */ = {
			isa = PBXGroup;
			children = (
				369FB3A41D46675D002F8ADC /* PAHistoryCell.swift */,
			);
			name = Cells;
			sourceTree = "<group>";
		};
		369FB3A61D466DE1002F8ADC /* Models */ = {
			isa = PBXGroup;
			children = (
				369FB3A71D466DF5002F8ADC /* PAUser.swift */,
				369FB3A91D466E03002F8ADC /* PAEvent.swift */,
				369FB3AB1D4676DD002F8ADC /* PAHttpRequest.swift */,
			);
			name = Models;
			sourceTree = "<group>";
		};
		369FB3AD1D467A16002F8ADC /* Helpers */ = {
			isa = PBXGroup;
			children = (
				369FB3AE1D467A20002F8ADC /* PADesignableControl.swift */,
			);
			name = Helpers;
			sourceTree = "<group>";
		};
		60AF6A9C087B70E5953A5454 /* Frameworks */ = {
			isa = PBXGroup;
			children = (
				3A0BC647D20E35786BB12E73 /* libPods-Payments.a */,
			);
			name = Frameworks;
			sourceTree = "<group>";
		};
		8C0D9511326E5751DB847E91 /* Pods */ = {
			isa = PBXGroup;
			children = (
				B3B066F6A9C76B79843CB145 /* Pods-Payments.debug.xcconfig */,
				5A7E8B82B1A372CFC00EFB10 /* Pods-Payments.release.xcconfig */,
			);
			name = Pods;
			sourceTree = "<group>";
		};
/* End PBXGroup section */

/* Begin PBXNativeTarget section */
		369FB3861D465932002F8ADC /* Payments */ = {
			isa = PBXNativeTarget;
			buildConfigurationList = 369FB39B1D465932002F8ADC /* Build configuration list for PBXNativeTarget "Payments" */;
			buildPhases = (
				AD15201459160247C0FDE9D9 /* [CP] Check Pods Manifest.lock */,
				369FB3831D465932002F8ADC /* Sources */,
				369FB3841D465932002F8ADC /* Frameworks */,
				369FB3851D465932002F8ADC /* Resources */,
				CD9C3391E2F5C405B2D20EC9 /* [CP] Embed Pods Frameworks */,
				C0C8F5B3DE0DBF8990A1F1D6 /* [CP] Copy Pods Resources */,
			);
			buildRules = (
			);
			dependencies = (
			);
			name = Payments;
			productName = Payments;
			productReference = 369FB3871D465932002F8ADC /* Payments.app */;
			productType = "com.apple.product-type.application";
		};
/* End PBXNativeTarget section */

/* Begin PBXProject section */
		369FB37F1D465932002F8ADC /* Project object */ = {
			isa = PBXProject;
			attributes = {
				LastSwiftUpdateCheck = 0730;
				LastUpgradeCheck = 0730;
				ORGANIZATIONNAME = "Mike Silvis";
				TargetAttributes = {
					369FB3861D465932002F8ADC = {
						CreatedOnToolsVersion = 7.3.1;
					};
				};
			};
			buildConfigurationList = 369FB3821D465932002F8ADC /* Build configuration list for PBXProject "Payments" */;
			compatibilityVersion = "Xcode 3.2";
			developmentRegion = English;
			hasScannedForEncodings = 0;
			knownRegions = (
				en,
				Base,
			);
			mainGroup = 369FB37E1D465932002F8ADC;
			productRefGroup = 369FB3881D465932002F8ADC /* Products */;
			projectDirPath = "";
			projectRoot = "";
			targets = (
				369FB3861D465932002F8ADC /* Payments */,
			);
		};
/* End PBXProject section */

/* Begin PBXResourcesBuildPhase section */
		369FB3851D465932002F8ADC /* Resources */ = {
			isa = PBXResourcesBuildPhase;
			buildActionMask = 2147483647;
			files = (
				369FB3971D465932002F8ADC /* LaunchScreen.storyboard in Resources */,
				369FB3941D465932002F8ADC /* Assets.xcassets in Resources */,
				369FB3921D465932002F8ADC /* Main.storyboard in Resources */,
			);
			runOnlyForDeploymentPostprocessing = 0;
		};
/* End PBXResourcesBuildPhase section */

/* Begin PBXShellScriptBuildPhase section */
		AD15201459160247C0FDE9D9 /* [CP] Check Pods Manifest.lock */ = {
			isa = PBXShellScriptBuildPhase;
			buildActionMask = 2147483647;
			files = (
			);
			inputPaths = (
			);
			name = "[CP] Check Pods Manifest.lock";
			outputPaths = (
			);
			runOnlyForDeploymentPostprocessing = 0;
			shellPath = /bin/sh;
			shellScript = "diff \"${PODS_ROOT}/../Podfile.lock\" \"${PODS_ROOT}/Manifest.lock\" > /dev/null\nif [[ $? != 0 ]] ; then\n    cat << EOM\nerror: The sandbox is not in sync with the Podfile.lock. Run 'pod install' or update your CocoaPods installation.\nEOM\n    exit 1\nfi\n";
			showEnvVarsInLog = 0;
		};
		C0C8F5B3DE0DBF8990A1F1D6 /* [CP] Copy Pods Resources */ = {
			isa = PBXShellScriptBuildPhase;
			buildActionMask = 2147483647;
			files = (
			);
			inputPaths = (
			);
			name = "[CP] Copy Pods Resources";
			outputPaths = (
			);
			runOnlyForDeploymentPostprocessing = 0;
			shellPath = /bin/sh;
			shellScript = "\"${SRCROOT}/Pods/Target Support Files/Pods-Payments/Pods-Payments-resources.sh\"\n";
			showEnvVarsInLog = 0;
		};
		CD9C3391E2F5C405B2D20EC9 /* [CP] Embed Pods Frameworks */ = {
			isa = PBXShellScriptBuildPhase;
			buildActionMask = 2147483647;
			files = (
			);
			inputPaths = (
			);
			name = "[CP] Embed Pods Frameworks";
			outputPaths = (
			);
			runOnlyForDeploymentPostprocessing = 0;
			shellPath = /bin/sh;
			shellScript = "\"${SRCROOT}/Pods/Target Support Files/Pods-Payments/Pods-Payments-frameworks.sh\"\n";
			showEnvVarsInLog = 0;
		};
/* End PBXShellScriptBuildPhase section */

/* Begin PBXSourcesBuildPhase section */
		369FB3831D465932002F8ADC /* Sources */ = {
			isa = PBXSourcesBuildPhase;
			buildActionMask = 2147483647;
			files = (
				369FB3AC1D4676DD002F8ADC /* PAHttpRequest.swift in Sources */,
				369FB38F1D465932002F8ADC /* PAProfileVC.swift in Sources */,
				369FB3A51D46675D002F8ADC /* PAHistoryCell.swift in Sources */,
				369FB3A01D466444002F8ADC /* PARootTabBarVC.swift in Sources */,
				369FB3AA1D466E03002F8ADC /* PAEvent.swift in Sources */,
				369FB3A21D466630002F8ADC /* PAHistoryTVC.swift in Sources */,
				369FB38B1D465932002F8ADC /* AppDelegate.swift in Sources */,
				369FB38D1D465932002F8ADC /* PARequestVC.swift in Sources */,
				369FB3AF1D467A20002F8ADC /* PADesignableControl.swift in Sources */,
				369FB3A81D466DF5002F8ADC /* PAUser.swift in Sources */,
				364777A01D467E8C000B5144 /* extension-UIView.swift in Sources */,
			);
			runOnlyForDeploymentPostprocessing = 0;
		};
/* End PBXSourcesBuildPhase section */

/* Begin PBXVariantGroup section */
		369FB3901D465932002F8ADC /* Main.storyboard */ = {
			isa = PBXVariantGroup;
			children = (
				369FB3911D465932002F8ADC /* Base */,
			);
			name = Main.storyboard;
			sourceTree = "<group>";
		};
		369FB3951D465932002F8ADC /* LaunchScreen.storyboard */ = {
			isa = PBXVariantGroup;
			children = (
				369FB3961D465932002F8ADC /* Base */,
			);
			name = LaunchScreen.storyboard;
			sourceTree = "<group>";
		};
/* End PBXVariantGroup section */

/* Begin XCBuildConfiguration section */
		369FB3991D465932002F8ADC /* Debug */ = {
			isa = XCBuildConfiguration;
			buildSettings = {
				ALWAYS_SEARCH_USER_PATHS = NO;
				CLANG_ANALYZER_NONNULL = YES;
				CLANG_CXX_LANGUAGE_STANDARD = "gnu++0x";
				CLANG_CXX_LIBRARY = "libc++";
				CLANG_ENABLE_MODULES = YES;
				CLANG_ENABLE_OBJC_ARC = YES;
				CLANG_WARN_BOOL_CONVERSION = YES;
				CLANG_WARN_CONSTANT_CONVERSION = YES;
				CLANG_WARN_DIRECT_OBJC_ISA_USAGE = YES_ERROR;
				CLANG_WARN_EMPTY_BODY = YES;
				CLANG_WARN_ENUM_CONVERSION = YES;
				CLANG_WARN_INT_CONVERSION = YES;
				CLANG_WARN_OBJC_ROOT_CLASS = YES_ERROR;
				CLANG_WARN_UNREACHABLE_CODE = YES;
				CLANG_WARN__DUPLICATE_METHOD_MATCH = YES;
				"CODE_SIGN_IDENTITY[sdk=iphoneos*]" = "iPhone Developer";
				COPY_PHASE_STRIP = NO;
				DEBUG_INFORMATION_FORMAT = dwarf;
				ENABLE_STRICT_OBJC_MSGSEND = YES;
				ENABLE_TESTABILITY = YES;
				GCC_C_LANGUAGE_STANDARD = gnu99;
				GCC_DYNAMIC_NO_PIC = NO;
				GCC_NO_COMMON_BLOCKS = YES;
				GCC_OPTIMIZATION_LEVEL = 0;
				GCC_PREPROCESSOR_DEFINITIONS = (
					"DEBUG=1",
					"$(inherited)",
				);
				GCC_WARN_64_TO_32_BIT_CONVERSION = YES;
				GCC_WARN_ABOUT_RETURN_TYPE = YES_ERROR;
				GCC_WARN_UNDECLARED_SELECTOR = YES;
				GCC_WARN_UNINITIALIZED_AUTOS = YES_AGGRESSIVE;
				GCC_WARN_UNUSED_FUNCTION = YES;
				GCC_WARN_UNUSED_VARIABLE = YES;
				IPHONEOS_DEPLOYMENT_TARGET = 9.3;
				MTL_ENABLE_DEBUG_INFO = YES;
				ONLY_ACTIVE_ARCH = YES;
				SDKROOT = iphoneos;
				SWIFT_OPTIMIZATION_LEVEL = "-Onone";
				TARGETED_DEVICE_FAMILY = "1,2";
			};
			name = Debug;
		};
		369FB39A1D465932002F8ADC /* Release */ = {
			isa = XCBuildConfiguration;
			buildSettings = {
				ALWAYS_SEARCH_USER_PATHS = NO;
				CLANG_ANALYZER_NONNULL = YES;
				CLANG_CXX_LANGUAGE_STANDARD = "gnu++0x";
				CLANG_CXX_LIBRARY = "libc++";
				CLANG_ENABLE_MODULES = YES;
				CLANG_ENABLE_OBJC_ARC = YES;
				CLANG_WARN_BOOL_CONVERSION = YES;
				CLANG_WARN_CONSTANT_CONVERSION = YES;
				CLANG_WARN_DIRECT_OBJC_ISA_USAGE = YES_ERROR;
				CLANG_WARN_EMPTY_BODY = YES;
				CLANG_WARN_ENUM_CONVERSION = YES;
				CLANG_WARN_INT_CONVERSION = YES;
				CLANG_WARN_OBJC_ROOT_CLASS = YES_ERROR;
				CLANG_WARN_UNREACHABLE_CODE = YES;
				CLANG_WARN__DUPLICATE_METHOD_MATCH = YES;
				"CODE_SIGN_IDENTITY[sdk=iphoneos*]" = "iPhone Developer";
				COPY_PHASE_STRIP = NO;
				DEBUG_INFORMATION_FORMAT = "dwarf-with-dsym";
				ENABLE_NS_ASSERTIONS = NO;
				ENABLE_STRICT_OBJC_MSGSEND = YES;
				GCC_C_LANGUAGE_STANDARD = gnu99;
				GCC_NO_COMMON_BLOCKS = YES;
				GCC_WARN_64_TO_32_BIT_CONVERSION = YES;
				GCC_WARN_ABOUT_RETURN_TYPE = YES_ERROR;
				GCC_WARN_UNDECLARED_SELECTOR = YES;
				GCC_WARN_UNINITIALIZED_AUTOS = YES_AGGRESSIVE;
				GCC_WARN_UNUSED_FUNCTION = YES;
				GCC_WARN_UNUSED_VARIABLE = YES;
				IPHONEOS_DEPLOYMENT_TARGET = 9.3;
				MTL_ENABLE_DEBUG_INFO = NO;
				SDKROOT = iphoneos;
				TARGETED_DEVICE_FAMILY = "1,2";
				VALIDATE_PRODUCT = YES;
			};
			name = Release;
		};
		369FB39C1D465932002F8ADC /* Debug */ = {
			isa = XCBuildConfiguration;
			baseConfigurationReference = B3B066F6A9C76B79843CB145 /* Pods-Payments.debug.xcconfig */;
			buildSettings = {
				ASSETCATALOG_COMPILER_APPICON_NAME = AppIcon;
				CLANG_ENABLE_MODULES = YES;
				INFOPLIST_FILE = Payments/Info.plist;
				LD_RUNPATH_SEARCH_PATHS = "$(inherited) @executable_path/Frameworks";
				PRODUCT_BUNDLE_IDENTIFIER = silvisions.Payments;
				PRODUCT_NAME = "$(TARGET_NAME)";
				SWIFT_OBJC_BRIDGING_HEADER = "Payments/Payments-Bridging-Header.h";
				SWIFT_OPTIMIZATION_LEVEL = "-Onone";
			};
			name = Debug;
		};
		369FB39D1D465932002F8ADC /* Release */ = {
			isa = XCBuildConfiguration;
			baseConfigurationReference = 5A7E8B82B1A372CFC00EFB10 /* Pods-Payments.release.xcconfig */;
			buildSettings = {
				ASSETCATALOG_COMPILER_APPICON_NAME = AppIcon;
				CLANG_ENABLE_MODULES = YES;
				INFOPLIST_FILE = Payments/Info.plist;
				LD_RUNPATH_SEARCH_PATHS = "$(inherited) @executable_path/Frameworks";
				PRODUCT_BUNDLE_IDENTIFIER = silvisions.Payments;
				PRODUCT_NAME = "$(TARGET_NAME)";
				SWIFT_OBJC_BRIDGING_HEADER = "Payments/Payments-Bridging-Header.h";
			};
			name = Release;
		};
/* End XCBuildConfiguration section */

/* Begin XCConfigurationList section */
		369FB3821D465932002F8ADC /* Build configuration list for PBXProject "Payments" */ = {
			isa = XCConfigurationList;
			buildConfigurations = (
				369FB3991D465932002F8ADC /* Debug */,
				369FB39A1D465932002F8ADC /* Release */,
			);
			defaultConfigurationIsVisible = 0;
			defaultConfigurationName = Release;
		};
		369FB39B1D465932002F8ADC /* Build configuration list for PBXNativeTarget "Payments" */ = {
			isa = XCConfigurationList;
			buildConfigurations = (
				369FB39C1D465932002F8ADC /* Debug */,
				369FB39D1D465932002F8ADC /* Release */,
			);
			defaultConfigurationIsVisible = 0;
			defaultConfigurationName = Release;
		};
/* End XCConfigurationList section */
	};
	rootObject = 369FB37F1D465932002F8ADC /* Project object */;
}
