PODS:
  - AFNetworking (3.1.0):
    - AFNetworking/NSURLSession (= 3.1.0)
    - AFNetworking/Reachability (= 3.1.0)
    - AFNetworking/Security (= 3.1.0)
    - AFNetworking/Serialization (= 3.1.0)
    - AFNetworking/UIKit (= 3.1.0)
  - AFNetworking/NSURLSession (3.1.0):
    - AFNetworking/Reachability
    - AFNetworking/Security
    - AFNetworking/Serialization
  - AFNetworking/Reachability (3.1.0)
  - AFNetworking/Security (3.1.0)
  - AFNetworking/Serialization (3.1.0)
  - AFNetworking/UIKit (3.1.0):
    - AFNetworking/NSURLSession
  - Bolts (1.8.3):
    - Bolts/AppLinks (= 1.8.3)
    - Bolts/Tasks (= 1.8.3)
  - Bolts/AppLinks (1.8.3):
    - Bolts/Tasks
  - Bolts/Tasks (1.8.3)
  - CameraManager (2.2.4)
  - Crashlytics (3.7.2):
    - Fabric (~> 1.6.3)
  - Fabric (1.6.7)
  - FBSDKCoreKit (4.13.1):
    - Bolts (~> 1.7)
  - FBSDKLoginKit (4.13.1):
    - FBSDKCoreKit
  - FBSDKShareKit (4.13.1):
    - FBSDKCoreKit
  - ObjectMapper (1.3.0)
  - SDWebImage (3.8.1):
    - SDWebImage/Core (= 3.8.1)
  - SDWebImage/Core (3.8.1)
  - SnapKit (0.21.1)
  - Stripe (8.0.3)

DEPENDENCIES:
  - AFNetworking
  - CameraManager
  - Crashlytics
  - Fabric
  - FBSDKCoreKit
  - FBSDKLoginKit
  - FBSDKShareKit
  - ObjectMapper
  - SDWebImage
  - SnapKit
  - Stripe

SPEC CHECKSUMS:
  AFNetworking: 5e0e199f73d8626b11e79750991f5d173d1f8b67
  Bolts: 52551f96df2f8aac6b4414347f3f8353a39f1966
  CameraManager: 761f0d3dca325e8dabd46065f0b376798bca66bf
  Crashlytics: 130ab943f8c78cda7a814b434f270b2e2c8a3cba
  Fabric: caf7580c725e64db144f610ac65cd60956911dc7
  FBSDKCoreKit: 2807fe0da2ddb49a1469da6d6ff597f99912980f
  FBSDKLoginKit: 6d350cb6a22d6956e9d078885de6ee8a0ebc51b4
  FBSDKShareKit: c9438df7573b33780ac8c3451201c5ebb260ffca
  ObjectMapper: 4eb08a726e9791a93b2632049951b56a7c17e471
  SDWebImage: 35f9627a3e44b4f292a8a8ce6a531fa488239b91
  SnapKit: bbad04cb016c7cead63965f16b00c09318d271ee
  Stripe: f5accf7bee18785aa4e6c59d9d79c4604a83ed3b

PODFILE CHECKSUM: 98f8e636568dff7a92b10faff7b74a7b2d690c82

COCOAPODS: 1.0.1
